{
  "object": {
    "pins": [
      {
        "package": "Base58",
        "repositoryURL": "https://github.com/pengpengliu/Base58.git",
        "state": {
          "branch": null,
          "revision": "8f69c52c585733f0aa4c342a86beecdd7606fd82",
          "version": "1.0.0"
        }
      },
      {
        "package": "Crypto101",
        "repositoryURL": "https://github.com/pengpengliu/Crypto101.git",
        "state": {
          "branch": null,
          "revision": "be33c90b9da6c68dd1a96a0bb4c08f225a620dee",
          "version": "0.2.2"
        }
      },
      {
        "package": "CryptoSwift",
        "repositoryURL": "https://github.com/krzyzanowskim/CryptoSwift.git",
        "state": {
          "branch": null,
          "revision": "39f08ac5269361a50c08ce1e2f41989bfc4b1ec8",
          "version": "1.3.1"
        }
      },
      {
        "package": "secp256k1",
        "repositoryURL": "https://github.com/Boilertalk/secp256k1.swift.git",
        "state": {
          "branch": null,
          "revision": "823281fe9def21b384099b72a9a53ca988317b20",
          "version": "0.1.4"
        }
      }
    ]
  },
  "version": 1
}
